Microsoft Visual Studio Solution File, Format Version 12.00
# Visual Studio Version 17
VisualStudioVersion = 17.5.2.0
MinimumVisualStudioVersion = 10.0.40219.1
Project("{FAE04EC0-301F-11D3-BF4B-00C04F79EFBC}") = "Triangles", "Triangles.csproj", "{4DC6AB11-9A2F-97A0-366C-074544F30C34}"
EndProject
Global
	GlobalSection(SolutionConfigurationPlatforms) = preSolution
		Debug|Any CPU = Debug|Any CPU
		Release|Any CPU = Release|Any CPU
	EndGlobalSection
	GlobalSection(ProjectConfigurationPlatforms) = postSolution
		{4DC6AB11-9A2F-97A0-366C-074544F30C34}.Debug|Any CPU.ActiveCfg = Debug|Any CPU
		{4DC6AB11-9A2F-97A0-366C-074544F30C34}.Debug|Any CPU.Build.0 = Debug|Any CPU
		{4DC6AB11-9A2F-97A0-366C-074544F30C34}.Release|Any CPU.ActiveCfg = Release|Any CPU
		{4DC6AB11-9A2F-97A0-366C-074544F30C34}.Release|Any CPU.Build.0 = Release|Any CPU
	EndGlobalSection
	GlobalSection(SolutionProperties) = preSolution
		HideSolutionNode = FALSE
	EndGlobalSection
	GlobalSection(ExtensibilityGlobals) = postSolution
		SolutionGuid = {BC894B2E-1185-4438-A6BD-CAF8618B7444}
	EndGlobalSection
EndGlobal
