Microsoft Visual Studio Solution File, Format Version 12.00
# Visual Studio Version 17
VisualStudioVersion = 17.5.2.0
MinimumVisualStudioVersion = 10.0.40219.1
Project("{FAE04EC0-301F-11D3-BF4B-00C04F79EFBC}") = "math8", "math8.csproj", "{AF2F4C41-E55D-44A1-5557-185BD3AB09CA}"
EndProject
Global
	GlobalSection(SolutionConfigurationPlatforms) = preSolution
		Debug|Any CPU = Debug|Any CPU
		Release|Any CPU = Release|Any CPU
	EndGlobalSection
	GlobalSection(ProjectConfigurationPlatforms) = postSolution
		{AF2F4C41-E55D-44A1-5557-185BD3AB09CA}.Debug|Any CPU.ActiveCfg = Debug|Any CPU
		{AF2F4C41-E55D-44A1-5557-185BD3AB09CA}.Debug|Any CPU.Build.0 = Debug|Any CPU
		{AF2F4C41-E55D-44A1-5557-185BD3AB09CA}.Release|Any CPU.ActiveCfg = Release|Any CPU
		{AF2F4C41-E55D-44A1-5557-185BD3AB09CA}.Release|Any CPU.Build.0 = Release|Any CPU
	EndGlobalSection
	GlobalSection(SolutionProperties) = preSolution
		HideSolutionNode = FALSE
	EndGlobalSection
	GlobalSection(ExtensibilityGlobals) = postSolution
		SolutionGuid = {BAC14B51-30F1-4E2B-BDF6-1306F8E056B7}
	EndGlobalSection
EndGlobal
