Microsoft Visual Studio Solution File, Format Version 12.00
# Visual Studio Version 17
VisualStudioVersion = 17.5.2.0
MinimumVisualStudioVersion = 10.0.40219.1
Project("{FAE04EC0-301F-11D3-BF4B-00C04F79EFBC}") = "MyAsciiArg_print_cone", "MyAsciiArg_print_cone.csproj", "{46B79020-D388-4CCB-FC13-2EB1B2356BC2}"
EndProject
Global
	GlobalSection(SolutionConfigurationPlatforms) = preSolution
		Debug|Any CPU = Debug|Any CPU
		Release|Any CPU = Release|Any CPU
	EndGlobalSection
	GlobalSection(ProjectConfigurationPlatforms) = postSolution
		{46B79020-D388-4CCB-FC13-2EB1B2356BC2}.Debug|Any CPU.ActiveCfg = Debug|Any CPU
		{46B79020-D388-4CCB-FC13-2EB1B2356BC2}.Debug|Any CPU.Build.0 = Debug|Any CPU
		{46B79020-D388-4CCB-FC13-2EB1B2356BC2}.Release|Any CPU.ActiveCfg = Release|Any CPU
		{46B79020-D388-4CCB-FC13-2EB1B2356BC2}.Release|Any CPU.Build.0 = Release|Any CPU
	EndGlobalSection
	GlobalSection(SolutionProperties) = preSolution
		HideSolutionNode = FALSE
	EndGlobalSection
	GlobalSection(ExtensibilityGlobals) = postSolution
		SolutionGuid = {76BB2D54-BD05-4488-8522-7F3B15579BC4}
	EndGlobalSection
EndGlobal
