Microsoft Visual Studio Solution File, Format Version 12.00
# Visual Studio Version 17
VisualStudioVersion = 17.5.2.0
MinimumVisualStudioVersion = 10.0.40219.1
Project("{FAE04EC0-301F-11D3-BF4B-00C04F79EFBC}") = "Factorial2", "Factorial2.csproj", "{FA1039FC-F10E-D257-EA0D-840347126E61}"
EndProject
Global
	GlobalSection(SolutionConfigurationPlatforms) = preSolution
		Debug|Any CPU = Debug|Any CPU
		Release|Any CPU = Release|Any CPU
	EndGlobalSection
	GlobalSection(ProjectConfigurationPlatforms) = postSolution
		{FA1039FC-F10E-D257-EA0D-840347126E61}.Debug|Any CPU.ActiveCfg = Debug|Any CPU
		{FA1039FC-F10E-D257-EA0D-840347126E61}.Debug|Any CPU.Build.0 = Debug|Any CPU
		{FA1039FC-F10E-D257-EA0D-840347126E61}.Release|Any CPU.ActiveCfg = Release|Any CPU
		{FA1039FC-F10E-D257-EA0D-840347126E61}.Release|Any CPU.Build.0 = Release|Any CPU
	EndGlobalSection
	GlobalSection(SolutionProperties) = preSolution
		HideSolutionNode = FALSE
	EndGlobalSection
	GlobalSection(ExtensibilityGlobals) = postSolution
		SolutionGuid = {B332D7A3-C1C4-47FB-BF94-48BF82A7C75F}
	EndGlobalSection
EndGlobal
